// !$*UTF8*$!
{
	archiveVersion = 1;
	classes = {
	};
	objectVersion = 77;
	objects = {

/* Begin PBXBuildFile section */
		DB5DFD082E76701F0085AC1F /* JsonStream in Frameworks */ = {isa = PBXBuildFile; productRef = DB5DFD072E76701F0085AC1F /* JsonStream */; };
		DB827D7C2E8C1E7B00DE15EC /* ReadiumStreamer in Frameworks */ = {isa = PBXBuildFile; productRef = DB827D7B2E8C1E7B00DE15EC /* ReadiumStreamer */; };
		DB97CED22E8B332D00E9723D /* ReadiumAdapterGCDWebServer in Frameworks */ = {isa = PBXBuildFile; productRef = DB97CED12E8B332D00E9723D /* ReadiumAdapterGCDWebServer */; };
		DB97CED42E8B332D00E9723D /* ReadiumNavigator in Frameworks */ = {isa = PBXBuildFile; productRef = DB97CED32E8B332D00E9723D /* ReadiumNavigator */; };
		DB97CED62E8B332D00E9723D /* ReadiumShared in Frameworks */ = {isa = PBXBuildFile; productRef = DB97CED52E8B332D00E9723D /* ReadiumShared */; };
		DBC9FEB12E6C9B7800F1E920 /* Zip in Frameworks */ = {isa = PBXBuildFile; productRef = DBC9FEB02E6C9B7800F1E920 /* Zip */; };
		DBD2EE9B2E77C6FB00DE5C28 /* MaruReaderTests.xctestplan in Resources */ = {isa = PBXBuildFile; fileRef = DBD2EE9A2E77C6FB00DE5C28 /* MaruReaderTests.xctestplan */; };
		DBD906A02E9AF52D00A4F03E /* AsyncAlgorithms in Frameworks */ = {isa = PBXBuildFile; productRef = DBD9069F2E9AF52D00A4F03E /* AsyncAlgorithms */; };
/* End PBXBuildFile section */

/* Begin PBXContainerItemProxy section */
		DB2B699F2E660F8D00EDA656 /* PBXContainerItemProxy */ = {
			isa = PBXContainerItemProxy;
			containerPortal = DB2B69842E660F8B00EDA656 /* Project object */;
			proxyType = 1;
			remoteGlobalIDString = DB2B698B2E660F8B00EDA656;
			remoteInfo = MaruReader;
		};
		DB2B69A92E660F8D00EDA656 /* PBXContainerItemProxy */ = {
			isa = PBXContainerItemProxy;
			containerPortal = DB2B69842E660F8B00EDA656 /* Project object */;
			proxyType = 1;
			remoteGlobalIDString = DB2B698B2E660F8B00EDA656;
			remoteInfo = MaruReader;
		};
/* End PBXContainerItemProxy section */

/* Begin PBXFileReference section */
		DB2B698C2E660F8B00EDA656 /* MaruReader.app */ = {isa = PBXFileReference; explicitFileType = wrapper.application; includeInIndex = 0; path = MaruReader.app; sourceTree = BUILT_PRODUCTS_DIR; };
		DB2B699E2E660F8D00EDA656 /* MaruReaderTests.xctest */ = {isa = PBXFileReference; explicitFileType = wrapper.cfbundle; includeInIndex = 0; path = MaruReaderTests.xctest; sourceTree = BUILT_PRODUCTS_DIR; };
		DB2B69A82E660F8D00EDA656 /* MaruReaderUITests.xctest */ = {isa = PBXFileReference; explicitFileType = wrapper.cfbundle; includeInIndex = 0; path = MaruReaderUITests.xctest; sourceTree = BUILT_PRODUCTS_DIR; };
		DBD2EE9A2E77C6FB00DE5C28 /* MaruReaderTests.xctestplan */ = {isa = PBXFileReference; lastKnownFileType = text; path = MaruReaderTests.xctestplan; sourceTree = "<group>"; };
/* End PBXFileReference section */

/* Begin PBXFileSystemSynchronizedRootGroup section */
		DB2B698E2E660F8B00EDA656 /* MaruReader */ = {
			isa = PBXFileSystemSynchronizedRootGroup;
			path = MaruReader;
			sourceTree = "<group>";
		};
		DB2B69A12E660F8D00EDA656 /* MaruReaderTests */ = {
			isa = PBXFileSystemSynchronizedRootGroup;
			path = MaruReaderTests;
			sourceTree = "<group>";
		};
		DB2B69AB2E660F8D00EDA656 /* MaruReaderUITests */ = {
			isa = PBXFileSystemSynchronizedRootGroup;
			path = MaruReaderUITests;
			sourceTree = "<group>";
		};
/* End PBXFileSystemSynchronizedRootGroup section */

/* Begin PBXFrameworksBuildPhase section */
		DB2B69892E660F8B00EDA656 /* Frameworks */ = {
			isa = PBXFrameworksBuildPhase;
			buildActionMask = 2147483647;
			files = (
				DB5DFD082E76701F0085AC1F /* JsonStream in Frameworks */,
				DB827D7C2E8C1E7B00DE15EC /* ReadiumStreamer in Frameworks */,
				DB97CED22E8B332D00E9723D /* ReadiumAdapterGCDWebServer in Frameworks */,
				DB97CED62E8B332D00E9723D /* ReadiumShared in Frameworks */,
				DB97CED42E8B332D00E9723D /* ReadiumNavigator in Frameworks */,
				DBC9FEB12E6C9B7800F1E920 /* Zip in Frameworks */,
				DBD906A02E9AF52D00A4F03E /* AsyncAlgorithms in Frameworks */,
			);
			runOnlyForDeploymentPostprocessing = 0;
		};
		DB2B699B2E660F8D00EDA656 /* Frameworks */ = {
			isa = PBXFrameworksBuildPhase;
			buildActionMask = 2147483647;
			files = (
			);
			runOnlyForDeploymentPostprocessing = 0;
		};
		DB2B69A52E660F8D00EDA656 /* Frameworks */ = {
			isa = PBXFrameworksBuildPhase;
			buildActionMask = 2147483647;
			files = (
			);
			runOnlyForDeploymentPostprocessing = 0;
		};
/* End PBXFrameworksBuildPhase section */

/* Begin PBXGroup section */
		DB2B69832E660F8B00EDA656 = {
			isa = PBXGroup;
			children = (
				DBD2EE9A2E77C6FB00DE5C28 /* MaruReaderTests.xctestplan */,
				DB2B698E2E660F8B00EDA656 /* MaruReader */,
				DB2B69A12E660F8D00EDA656 /* MaruReaderTests */,
				DB2B69AB2E660F8D00EDA656 /* MaruReaderUITests */,
				DBC9FEAF2E6C9B7800F1E920 /* Frameworks */,
				DB2B698D2E660F8B00EDA656 /* Products */,
			);
			sourceTree = "<group>";
		};
		DB2B698D2E660F8B00EDA656 /* Products */ = {
			isa = PBXGroup;
			children = (
				DB2B698C2E660F8B00EDA656 /* MaruReader.app */,
				DB2B699E2E660F8D00EDA656 /* MaruReaderTests.xctest */,
				DB2B69A82E660F8D00EDA656 /* MaruReaderUITests.xctest */,
			);
			name = Products;
			sourceTree = "<group>";
		};
		DBC9FEAF2E6C9B7800F1E920 /* Frameworks */ = {
			isa = PBXGroup;
			children = (
			);
			name = Frameworks;
			sourceTree = "<group>";
		};
/* End PBXGroup section */

/* Begin PBXNativeTarget section */
		DB2B698B2E660F8B00EDA656 /* MaruReader */ = {
			isa = PBXNativeTarget;
			buildConfigurationList = DB2B69B22E660F8D00EDA656 /* Build configuration list for PBXNativeTarget "MaruReader" */;
			buildPhases = (
				DB2B69882E660F8B00EDA656 /* Sources */,
				DB2B69892E660F8B00EDA656 /* Frameworks */,
				DB2B698A2E660F8B00EDA656 /* Resources */,
			);
			buildRules = (
			);
			dependencies = (
			);
			fileSystemSynchronizedGroups = (
				DB2B698E2E660F8B00EDA656 /* MaruReader */,
			);
			name = MaruReader;
			packageProductDependencies = (
				DBC9FEB02E6C9B7800F1E920 /* Zip */,
				DB5DFD072E76701F0085AC1F /* JsonStream */,
				DB97CED12E8B332D00E9723D /* ReadiumAdapterGCDWebServer */,
				DB97CED32E8B332D00E9723D /* ReadiumNavigator */,
				DB97CED52E8B332D00E9723D /* ReadiumShared */,
				DB827D7B2E8C1E7B00DE15EC /* ReadiumStreamer */,
				DBD9069F2E9AF52D00A4F03E /* AsyncAlgorithms */,
			);
			productName = MaruReader;
			productReference = DB2B698C2E660F8B00EDA656 /* MaruReader.app */;
			productType = "com.apple.product-type.application";
		};
		DB2B699D2E660F8D00EDA656 /* MaruReaderTests */ = {
			isa = PBXNativeTarget;
			buildConfigurationList = DB2B69B52E660F8D00EDA656 /* Build configuration list for PBXNativeTarget "MaruReaderTests" */;
			buildPhases = (
				DB2B699A2E660F8D00EDA656 /* Sources */,
				DB2B699B2E660F8D00EDA656 /* Frameworks */,
				DB2B699C2E660F8D00EDA656 /* Resources */,
			);
			buildRules = (
			);
			dependencies = (
				DB2B69A02E660F8D00EDA656 /* PBXTargetDependency */,
			);
			fileSystemSynchronizedGroups = (
				DB2B69A12E660F8D00EDA656 /* MaruReaderTests */,
			);
			name = MaruReaderTests;
			packageProductDependencies = (
			);
			productName = MaruReaderTests;
			productReference = DB2B699E2E660F8D00EDA656 /* MaruReaderTests.xctest */;
			productType = "com.apple.product-type.bundle.unit-test";
		};
		DB2B69A72E660F8D00EDA656 /* MaruReaderUITests */ = {
			isa = PBXNativeTarget;
			buildConfigurationList = DB2B69B82E660F8D00EDA656 /* Build configuration list for PBXNativeTarget "MaruReaderUITests" */;
			buildPhases = (
				DB2B69A42E660F8D00EDA656 /* Sources */,
				DB2B69A52E660F8D00EDA656 /* Frameworks */,
				DB2B69A62E660F8D00EDA656 /* Resources */,
			);
			buildRules = (
			);
			dependencies = (
				DB2B69AA2E660F8D00EDA656 /* PBXTargetDependency */,
			);
			fileSystemSynchronizedGroups = (
				DB2B69AB2E660F8D00EDA656 /* MaruReaderUITests */,
			);
			name = MaruReaderUITests;
			packageProductDependencies = (
			);
			productName = MaruReaderUITests;
			productReference = DB2B69A82E660F8D00EDA656 /* MaruReaderUITests.xctest */;
			productType = "com.apple.product-type.bundle.ui-testing";
		};
/* End PBXNativeTarget section */

/* Begin PBXProject section */
		DB2B69842E660F8B00EDA656 /* Project object */ = {
			isa = PBXProject;
			attributes = {
				BuildIndependentTargetsInParallel = 1;
				LastSwiftUpdateCheck = 1640;
				LastUpgradeCheck = 2600;
				TargetAttributes = {
					DB2B698B2E660F8B00EDA656 = {
						CreatedOnToolsVersion = 16.4;
					};
					DB2B699D2E660F8D00EDA656 = {
						CreatedOnToolsVersion = 16.4;
						TestTargetID = DB2B698B2E660F8B00EDA656;
					};
					DB2B69A72E660F8D00EDA656 = {
						CreatedOnToolsVersion = 16.4;
						TestTargetID = DB2B698B2E660F8B00EDA656;
					};
				};
			};
			buildConfigurationList = DB2B69872E660F8B00EDA656 /* Build configuration list for PBXProject "MaruReader" */;
			developmentRegion = en;
			hasScannedForEncodings = 0;
			knownRegions = (
				en,
				Base,
			);
			mainGroup = DB2B69832E660F8B00EDA656;
			minimizedProjectReferenceProxies = 1;
			packageReferences = (
				DBC9FEAE2E6C9B2800F1E920 /* XCRemoteSwiftPackageReference "Zip" */,
				DB5DFD062E76701F0085AC1F /* XCRemoteSwiftPackageReference "json-stream" */,
				DB97CED02E8B332D00E9723D /* XCRemoteSwiftPackageReference "swift-toolkit" */,
				DBD9069E2E9AF52D00A4F03E /* XCRemoteSwiftPackageReference "swift-async-algorithms" */,
			);
			preferredProjectObjectVersion = 77;
			productRefGroup = DB2B698D2E660F8B00EDA656 /* Products */;
			projectDirPath = "";
			projectRoot = "";
			targets = (
				DB2B698B2E660F8B00EDA656 /* MaruReader */,
				DB2B699D2E660F8D00EDA656 /* MaruReaderTests */,
				DB2B69A72E660F8D00EDA656 /* MaruReaderUITests */,
			);
		};
/* End PBXProject section */

/* Begin PBXResourcesBuildPhase section */
		DB2B698A2E660F8B00EDA656 /* Resources */ = {
			isa = PBXResourcesBuildPhase;
			buildActionMask = 2147483647;
			files = (
				DBD2EE9B2E77C6FB00DE5C28 /* MaruReaderTests.xctestplan in Resources */,
			);
			runOnlyForDeploymentPostprocessing = 0;
		};
		DB2B699C2E660F8D00EDA656 /* Resources */ = {
			isa = PBXResourcesBuildPhase;
			buildActionMask = 2147483647;
			files = (
			);
			runOnlyForDeploymentPostprocessing = 0;
		};
		DB2B69A62E660F8D00EDA656 /* Resources */ = {
			isa = PBXResourcesBuildPhase;
			buildActionMask = 2147483647;
			files = (
			);
			runOnlyForDeploymentPostprocessing = 0;
		};
/* End PBXResourcesBuildPhase section */

/* Begin PBXSourcesBuildPhase section */
		DB2B69882E660F8B00EDA656 /* Sources */ = {
			isa = PBXSourcesBuildPhase;
			buildActionMask = 2147483647;
			files = (
			);
			runOnlyForDeploymentPostprocessing = 0;
		};
		DB2B699A2E660F8D00EDA656 /* Sources */ = {
			isa = PBXSourcesBuildPhase;
			buildActionMask = 2147483647;
			files = (
			);
			runOnlyForDeploymentPostprocessing = 0;
		};
		DB2B69A42E660F8D00EDA656 /* Sources */ = {
			isa = PBXSourcesBuildPhase;
			buildActionMask = 2147483647;
			files = (
			);
			runOnlyForDeploymentPostprocessing = 0;
		};
/* End PBXSourcesBuildPhase section */

/* Begin PBXTargetDependency section */
		DB2B69A02E660F8D00EDA656 /* PBXTargetDependency */ = {
			isa = PBXTargetDependency;
			target = DB2B698B2E660F8B00EDA656 /* MaruReader */;
			targetProxy = DB2B699F2E660F8D00EDA656 /* PBXContainerItemProxy */;
		};
		DB2B69AA2E660F8D00EDA656 /* PBXTargetDependency */ = {
			isa = PBXTargetDependency;
			target = DB2B698B2E660F8B00EDA656 /* MaruReader */;
			targetProxy = DB2B69A92E660F8D00EDA656 /* PBXContainerItemProxy */;
		};
/* End PBXTargetDependency section */

/* Begin XCBuildConfiguration section */
		DB2B69B02E660F8D00EDA656 /* Debug */ = {
			isa = XCBuildConfiguration;
			buildSettings = {
				ALWAYS_SEARCH_USER_PATHS = NO;
				ASSETCATALOG_COMPILER_GENERATE_SWIFT_ASSET_SYMBOL_EXTENSIONS = YES;
				CLANG_ANALYZER_NONNULL = YES;
				CLANG_ANALYZER_NUMBER_OBJECT_CONVERSION = YES_AGGRESSIVE;
				CLANG_CXX_LANGUAGE_STANDARD = "gnu++20";
				CLANG_ENABLE_MODULES = YES;
				CLANG_ENABLE_OBJC_ARC = YES;
				CLANG_ENABLE_OBJC_WEAK = YES;
				CLANG_WARN_BLOCK_CAPTURE_AUTORELEASING = YES;
				CLANG_WARN_BOOL_CONVERSION = YES;
				CLANG_WARN_COMMA = YES;
				CLANG_WARN_CONSTANT_CONVERSION = YES;
				CLANG_WARN_DEPRECATED_OBJC_IMPLEMENTATIONS = YES;
				CLANG_WARN_DIRECT_OBJC_ISA_USAGE = YES_ERROR;
				CLANG_WARN_DOCUMENTATION_COMMENTS = YES;
				CLANG_WARN_EMPTY_BODY = YES;
				CLANG_WARN_ENUM_CONVERSION = YES;
				CLANG_WARN_INFINITE_RECURSION = YES;
				CLANG_WARN_INT_CONVERSION = YES;
				CLANG_WARN_NON_LITERAL_NULL_CONVERSION = YES;
				CLANG_WARN_OBJC_IMPLICIT_RETAIN_SELF = YES;
				CLANG_WARN_OBJC_LITERAL_CONVERSION = YES;
				CLANG_WARN_OBJC_ROOT_CLASS = YES_ERROR;
				CLANG_WARN_QUOTED_INCLUDE_IN_FRAMEWORK_HEADER = YES;
				CLANG_WARN_RANGE_LOOP_ANALYSIS = YES;
				CLANG_WARN_STRICT_PROTOTYPES = YES;
				CLANG_WARN_SUSPICIOUS_MOVE = YES;
				CLANG_WARN_UNGUARDED_AVAILABILITY = YES_AGGRESSIVE;
				CLANG_WARN_UNREACHABLE_CODE = YES;
				CLANG_WARN__DUPLICATE_METHOD_MATCH = YES;
				COPY_PHASE_STRIP = NO;
				DEBUG_INFORMATION_FORMAT = dwarf;
				DEVELOPMENT_TEAM = H4RNAHR5B8;
				ENABLE_STRICT_OBJC_MSGSEND = YES;
				ENABLE_TESTABILITY = YES;
				ENABLE_USER_SCRIPT_SANDBOXING = YES;
				GCC_C_LANGUAGE_STANDARD = gnu17;
				GCC_DYNAMIC_NO_PIC = NO;
				GCC_NO_COMMON_BLOCKS = YES;
				GCC_OPTIMIZATION_LEVEL = 0;
				GCC_PREPROCESSOR_DEFINITIONS = (
					"DEBUG=1",
					"$(inherited)",
				);
				GCC_WARN_64_TO_32_BIT_CONVERSION = YES;
				GCC_WARN_ABOUT_RETURN_TYPE = YES_ERROR;
				GCC_WARN_UNDECLARED_SELECTOR = YES;
				GCC_WARN_UNINITIALIZED_AUTOS = YES_AGGRESSIVE;
				GCC_WARN_UNUSED_FUNCTION = YES;
				GCC_WARN_UNUSED_VARIABLE = YES;
				IPHONEOS_DEPLOYMENT_TARGET = 18.5;
				LOCALIZATION_PREFERS_STRING_CATALOGS = YES;
				MTL_ENABLE_DEBUG_INFO = INCLUDE_SOURCE;
				MTL_FAST_MATH = YES;
				ONLY_ACTIVE_ARCH = YES;
				SDKROOT = iphoneos;
				STRING_CATALOG_GENERATE_SYMBOLS = YES;
				SWIFT_ACTIVE_COMPILATION_CONDITIONS = "DEBUG $(inherited)";
				SWIFT_OPTIMIZATION_LEVEL = "-Onone";
				SWIFT_STRICT_MEMORY_SAFETY = YES;
				SWIFT_VERSION = 6.0;
			};
			name = Debug;
		};
		DB2B69B12E660F8D00EDA656 /* Release */ = {
			isa = XCBuildConfiguration;
			buildSettings = {
				ALWAYS_SEARCH_USER_PATHS = NO;
				ASSETCATALOG_COMPILER_GENERATE_SWIFT_ASSET_SYMBOL_EXTENSIONS = YES;
				CLANG_ANALYZER_NONNULL = YES;
				CLANG_ANALYZER_NUMBER_OBJECT_CONVERSION = YES_AGGRESSIVE;
				CLANG_CXX_LANGUAGE_STANDARD = "gnu++20";
				CLANG_ENABLE_MODULES = YES;
				CLANG_ENABLE_OBJC_ARC = YES;
				CLANG_ENABLE_OBJC_WEAK = YES;
				CLANG_WARN_BLOCK_CAPTURE_AUTORELEASING = YES;
				CLANG_WARN_BOOL_CONVERSION = YES;
				CLANG_WARN_COMMA = YES;
				CLANG_WARN_CONSTANT_CONVERSION = YES;
				CLANG_WARN_DEPRECATED_OBJC_IMPLEMENTATIONS = YES;
				CLANG_WARN_DIRECT_OBJC_ISA_USAGE = YES_ERROR;
				CLANG_WARN_DOCUMENTATION_COMMENTS = YES;
				CLANG_WARN_EMPTY_BODY = YES;
				CLANG_WARN_ENUM_CONVERSION = YES;
				CLANG_WARN_INFINITE_RECURSION = YES;
				CLANG_WARN_INT_CONVERSION = YES;
				CLANG_WARN_NON_LITERAL_NULL_CONVERSION = YES;
				CLANG_WARN_OBJC_IMPLICIT_RETAIN_SELF = YES;
				CLANG_WARN_OBJC_LITERAL_CONVERSION = YES;
				CLANG_WARN_OBJC_ROOT_CLASS = YES_ERROR;
				CLANG_WARN_QUOTED_INCLUDE_IN_FRAMEWORK_HEADER = YES;
				CLANG_WARN_RANGE_LOOP_ANALYSIS = YES;
				CLANG_WARN_STRICT_PROTOTYPES = YES;
				CLANG_WARN_SUSPICIOUS_MOVE = YES;
				CLANG_WARN_UNGUARDED_AVAILABILITY = YES_AGGRESSIVE;
				CLANG_WARN_UNREACHABLE_CODE = YES;
				CLANG_WARN__DUPLICATE_METHOD_MATCH = YES;
				COPY_PHASE_STRIP = NO;
				DEBUG_INFORMATION_FORMAT = "dwarf-with-dsym";
				DEVELOPMENT_TEAM = H4RNAHR5B8;
				ENABLE_NS_ASSERTIONS = NO;
				ENABLE_STRICT_OBJC_MSGSEND = YES;
				ENABLE_USER_SCRIPT_SANDBOXING = YES;
				GCC_C_LANGUAGE_STANDARD = gnu17;
				GCC_NO_COMMON_BLOCKS = YES;
				GCC_WARN_64_TO_32_BIT_CONVERSION = YES;
				GCC_WARN_ABOUT_RETURN_TYPE = YES_ERROR;
				GCC_WARN_UNDECLARED_SELECTOR = YES;
				GCC_WARN_UNINITIALIZED_AUTOS = YES_AGGRESSIVE;
				GCC_WARN_UNUSED_FUNCTION = YES;
				GCC_WARN_UNUSED_VARIABLE = YES;
				IPHONEOS_DEPLOYMENT_TARGET = 18.5;
				LOCALIZATION_PREFERS_STRING_CATALOGS = YES;
				MTL_ENABLE_DEBUG_INFO = NO;
				MTL_FAST_MATH = YES;
				SDKROOT = iphoneos;
				STRING_CATALOG_GENERATE_SYMBOLS = YES;
				SWIFT_COMPILATION_MODE = wholemodule;
				SWIFT_STRICT_MEMORY_SAFETY = YES;
				SWIFT_VERSION = 6.0;
				VALIDATE_PRODUCT = YES;
			};
			name = Release;
		};
		DB2B69B32E660F8D00EDA656 /* Debug */ = {
			isa = XCBuildConfiguration;
			buildSettings = {
				ASSETCATALOG_COMPILER_APPICON_NAME = AppIcon;
				ASSETCATALOG_COMPILER_GLOBAL_ACCENT_COLOR_NAME = AccentColor;
				CODE_SIGN_STYLE = Automatic;
				CURRENT_PROJECT_VERSION = 1;
				DEVELOPMENT_TEAM = H4RNAHR5B8;
				ENABLE_PREVIEWS = YES;
				GENERATE_INFOPLIST_FILE = YES;
				INFOPLIST_KEY_CFBundleDisplayName = "Maru Reader";
				INFOPLIST_KEY_LSApplicationCategoryType = "public.app-category.education";
				INFOPLIST_KEY_UIApplicationSceneManifest_Generation = YES;
				INFOPLIST_KEY_UIApplicationSupportsIndirectInputEvents = YES;
				INFOPLIST_KEY_UILaunchScreen_Generation = YES;
				INFOPLIST_KEY_UISupportedInterfaceOrientations_iPad = "UIInterfaceOrientationPortrait UIInterfaceOrientationPortraitUpsideDown UIInterfaceOrientationLandscapeLeft UIInterfaceOrientationLandscapeRight";
				INFOPLIST_KEY_UISupportedInterfaceOrientations_iPhone = "UIInterfaceOrientationPortrait UIInterfaceOrientationLandscapeLeft UIInterfaceOrientationLandscapeRight";
				IPHONEOS_DEPLOYMENT_TARGET = 26.0;
				LD_RUNPATH_SEARCH_PATHS = (
					"$(inherited)",
					"@executable_path/Frameworks",
				);
				MARKETING_VERSION = 1.0;
				PRODUCT_BUNDLE_IDENTIFIER = net.undefinedstar.MaruReader;
				PRODUCT_NAME = "$(TARGET_NAME)";
				SWIFT_EMIT_LOC_STRINGS = YES;
				SWIFT_VERSION = 6.0;
				TARGETED_DEVICE_FAMILY = "1,2";
			};
			name = Debug;
		};
		DB2B69B42E660F8D00EDA656 /* Release */ = {
			isa = XCBuildConfiguration;
			buildSettings = {
				ASSETCATALOG_COMPILER_APPICON_NAME = AppIcon;
				ASSETCATALOG_COMPILER_GLOBAL_ACCENT_COLOR_NAME = AccentColor;
				CODE_SIGN_STYLE = Automatic;
				CURRENT_PROJECT_VERSION = 1;
				DEVELOPMENT_TEAM = H4RNAHR5B8;
				ENABLE_PREVIEWS = YES;
				GENERATE_INFOPLIST_FILE = YES;
				INFOPLIST_KEY_CFBundleDisplayName = "Maru Reader";
				INFOPLIST_KEY_LSApplicationCategoryType = "public.app-category.education";
				INFOPLIST_KEY_UIApplicationSceneManifest_Generation = YES;
				INFOPLIST_KEY_UIApplicationSupportsIndirectInputEvents = YES;
				INFOPLIST_KEY_UILaunchScreen_Generation = YES;
				INFOPLIST_KEY_UISupportedInterfaceOrientations_iPad = "UIInterfaceOrientationPortrait UIInterfaceOrientationPortraitUpsideDown UIInterfaceOrientationLandscapeLeft UIInterfaceOrientationLandscapeRight";
				INFOPLIST_KEY_UISupportedInterfaceOrientations_iPhone = "UIInterfaceOrientationPortrait UIInterfaceOrientationLandscapeLeft UIInterfaceOrientationLandscapeRight";
				IPHONEOS_DEPLOYMENT_TARGET = 26.0;
				LD_RUNPATH_SEARCH_PATHS = (
					"$(inherited)",
					"@executable_path/Frameworks",
				);
				MARKETING_VERSION = 1.0;
				PRODUCT_BUNDLE_IDENTIFIER = net.undefinedstar.MaruReader;
				PRODUCT_NAME = "$(TARGET_NAME)";
				SWIFT_EMIT_LOC_STRINGS = YES;
				SWIFT_VERSION = 6.0;
				TARGETED_DEVICE_FAMILY = "1,2";
			};
			name = Release;
		};
		DB2B69B62E660F8D00EDA656 /* Debug */ = {
			isa = XCBuildConfiguration;
			buildSettings = {
				BUNDLE_LOADER = "$(TEST_HOST)";
				CODE_SIGN_STYLE = Automatic;
				CURRENT_PROJECT_VERSION = 1;
				DEVELOPMENT_TEAM = H4RNAHR5B8;
				GENERATE_INFOPLIST_FILE = YES;
				IPHONEOS_DEPLOYMENT_TARGET = 26.0;
				MARKETING_VERSION = 1.0;
				PRODUCT_BUNDLE_IDENTIFIER = net.undefinedstar.MaruReaderTests;
				PRODUCT_NAME = "$(TARGET_NAME)";
				SWIFT_EMIT_LOC_STRINGS = NO;
				SWIFT_VERSION = 6.0;
				TARGETED_DEVICE_FAMILY = "1,2";
				TEST_HOST = "$(BUILT_PRODUCTS_DIR)/MaruReader.app/$(BUNDLE_EXECUTABLE_FOLDER_PATH)/MaruReader";
			};
			name = Debug;
		};
		DB2B69B72E660F8D00EDA656 /* Release */ = {
			isa = XCBuildConfiguration;
			buildSettings = {
				BUNDLE_LOADER = "$(TEST_HOST)";
				CODE_SIGN_STYLE = Automatic;
				CURRENT_PROJECT_VERSION = 1;
				DEVELOPMENT_TEAM = H4RNAHR5B8;
				GENERATE_INFOPLIST_FILE = YES;
				IPHONEOS_DEPLOYMENT_TARGET = 26.0;
				MARKETING_VERSION = 1.0;
				PRODUCT_BUNDLE_IDENTIFIER = net.undefinedstar.MaruReaderTests;
				PRODUCT_NAME = "$(TARGET_NAME)";
				SWIFT_EMIT_LOC_STRINGS = NO;
				SWIFT_VERSION = 6.0;
				TARGETED_DEVICE_FAMILY = "1,2";
				TEST_HOST = "$(BUILT_PRODUCTS_DIR)/MaruReader.app/$(BUNDLE_EXECUTABLE_FOLDER_PATH)/MaruReader";
			};
			name = Release;
		};
		DB2B69B92E660F8D00EDA656 /* Debug */ = {
			isa = XCBuildConfiguration;
			buildSettings = {
				CODE_SIGN_STYLE = Automatic;
				CURRENT_PROJECT_VERSION = 1;
				DEVELOPMENT_TEAM = H4RNAHR5B8;
				GENERATE_INFOPLIST_FILE = YES;
				IPHONEOS_DEPLOYMENT_TARGET = 26.0;
				MARKETING_VERSION = 1.0;
				PRODUCT_BUNDLE_IDENTIFIER = net.undefinedstar.MaruReaderUITests;
				PRODUCT_NAME = "$(TARGET_NAME)";
				SWIFT_EMIT_LOC_STRINGS = NO;
				SWIFT_VERSION = 5.0;
				TARGETED_DEVICE_FAMILY = "1,2";
				TEST_TARGET_NAME = MaruReader;
			};
			name = Debug;
		};
		DB2B69BA2E660F8D00EDA656 /* Release */ = {
			isa = XCBuildConfiguration;
			buildSettings = {
				CODE_SIGN_STYLE = Automatic;
				CURRENT_PROJECT_VERSION = 1;
				DEVELOPMENT_TEAM = H4RNAHR5B8;
				GENERATE_INFOPLIST_FILE = YES;
				IPHONEOS_DEPLOYMENT_TARGET = 26.0;
				MARKETING_VERSION = 1.0;
				PRODUCT_BUNDLE_IDENTIFIER = net.undefinedstar.MaruReaderUITests;
				PRODUCT_NAME = "$(TARGET_NAME)";
				SWIFT_EMIT_LOC_STRINGS = NO;
				SWIFT_VERSION = 5.0;
				TARGETED_DEVICE_FAMILY = "1,2";
				TEST_TARGET_NAME = MaruReader;
			};
			name = Release;
		};
/* End XCBuildConfiguration section */

/* Begin XCConfigurationList section */
		DB2B69872E660F8B00EDA656 /* Build configuration list for PBXProject "MaruReader" */ = {
			isa = XCConfigurationList;
			buildConfigurations = (
				DB2B69B02E660F8D00EDA656 /* Debug */,
				DB2B69B12E660F8D00EDA656 /* Release */,
			);
			defaultConfigurationIsVisible = 0;
			defaultConfigurationName = Release;
		};
		DB2B69B22E660F8D00EDA656 /* Build configuration list for PBXNativeTarget "MaruReader" */ = {
			isa = XCConfigurationList;
			buildConfigurations = (
				DB2B69B32E660F8D00EDA656 /* Debug */,
				DB2B69B42E660F8D00EDA656 /* Release */,
			);
			defaultConfigurationIsVisible = 0;
			defaultConfigurationName = Release;
		};
		DB2B69B52E660F8D00EDA656 /* Build configuration list for PBXNativeTarget "MaruReaderTests" */ = {
			isa = XCConfigurationList;
			buildConfigurations = (
				DB2B69B62E660F8D00EDA656 /* Debug */,
				DB2B69B72E660F8D00EDA656 /* Release */,
			);
			defaultConfigurationIsVisible = 0;
			defaultConfigurationName = Release;
		};
		DB2B69B82E660F8D00EDA656 /* Build configuration list for PBXNativeTarget "MaruReaderUITests" */ = {
			isa = XCConfigurationList;
			buildConfigurations = (
				DB2B69B92E660F8D00EDA656 /* Debug */,
				DB2B69BA2E660F8D00EDA656 /* Release */,
			);
			defaultConfigurationIsVisible = 0;
			defaultConfigurationName = Release;
		};
/* End XCConfigurationList section */

/* Begin XCRemoteSwiftPackageReference section */
		DB5DFD062E76701F0085AC1F /* XCRemoteSwiftPackageReference "json-stream" */ = {
			isa = XCRemoteSwiftPackageReference;
			repositoryURL = "https://github.com/Topolyte/json-stream.git";
			requirement = {
				kind = exactVersion;
				version = 1.0.3;
			};
		};
		DB97CED02E8B332D00E9723D /* XCRemoteSwiftPackageReference "swift-toolkit" */ = {
			isa = XCRemoteSwiftPackageReference;
			repositoryURL = "https://github.com/readium/swift-toolkit.git";
			requirement = {
				kind = upToNextMajorVersion;
				minimumVersion = 3.4.0;
			};
		};
		DBC9FEAE2E6C9B2800F1E920 /* XCRemoteSwiftPackageReference "Zip" */ = {
			isa = XCRemoteSwiftPackageReference;
			repositoryURL = "https://github.com/marmelroy/Zip";
			requirement = {
				kind = upToNextMajorVersion;
				minimumVersion = 2.1.2;
			};
		};
		DBD9069E2E9AF52D00A4F03E /* XCRemoteSwiftPackageReference "swift-async-algorithms" */ = {
			isa = XCRemoteSwiftPackageReference;
			repositoryURL = "https://github.com/apple/swift-async-algorithms.git";
			requirement = {
				kind = upToNextMajorVersion;
				minimumVersion = 1.0.4;
			};
		};
/* End XCRemoteSwiftPackageReference section */

/* Begin XCSwiftPackageProductDependency section */
		DB5DFD072E76701F0085AC1F /* JsonStream */ = {
			isa = XCSwiftPackageProductDependency;
			package = DB5DFD062E76701F0085AC1F /* XCRemoteSwiftPackageReference "json-stream" */;
			productName = JsonStream;
		};
		DB827D7B2E8C1E7B00DE15EC /* ReadiumStreamer */ = {
			isa = XCSwiftPackageProductDependency;
			productName = ReadiumStreamer;
		};
		DB97CED12E8B332D00E9723D /* ReadiumAdapterGCDWebServer */ = {
			isa = XCSwiftPackageProductDependency;
			package = DB97CED02E8B332D00E9723D /* XCRemoteSwiftPackageReference "swift-toolkit" */;
			productName = ReadiumAdapterGCDWebServer;
		};
		DB97CED32E8B332D00E9723D /* ReadiumNavigator */ = {
			isa = XCSwiftPackageProductDependency;
			package = DB97CED02E8B332D00E9723D /* XCRemoteSwiftPackageReference "swift-toolkit" */;
			productName = ReadiumNavigator;
		};
		DB97CED52E8B332D00E9723D /* ReadiumShared */ = {
			isa = XCSwiftPackageProductDependency;
			package = DB97CED02E8B332D00E9723D /* XCRemoteSwiftPackageReference "swift-toolkit" */;
			productName = ReadiumShared;
		};
		DBC9FEB02E6C9B7800F1E920 /* Zip */ = {
			isa = XCSwiftPackageProductDependency;
			package = DBC9FEAE2E6C9B2800F1E920 /* XCRemoteSwiftPackageReference "Zip" */;
			productName = Zip;
		};
		DBD9069F2E9AF52D00A4F03E /* AsyncAlgorithms */ = {
			isa = XCSwiftPackageProductDependency;
			package = DBD9069E2E9AF52D00A4F03E /* XCRemoteSwiftPackageReference "swift-async-algorithms" */;
			productName = AsyncAlgorithms;
		};
/* End XCSwiftPackageProductDependency section */
	};
	rootObject = DB2B69842E660F8B00EDA656 /* Project object */;
}
