{
  "originHash" : "518472671e6d5d6be6696ab28e12c4c1e75e435fa6c70baabbe79941ca8ae878",
  "pins" : [
    {
      "identity" : "json-stream",
      "kind" : "remoteSourceControl",
      "location" : "https://github.com/Topolyte/json-stream.git",
      "state" : {
        "revision" : "703a39ce871e97c4c3831ad8f681d26f4d884559",
        "version" : "1.0.3"
      }
    },
    {
      "identity" : "zip",
      "kind" : "remoteSourceControl",
      "location" : "https://github.com/marmelroy/Zip",
      "state" : {
        "revision" : "67fa55813b9e7b3b9acee9c0ae501def28746d76",
        "version" : "2.1.2"
      }
    }
  ],
  "version" : 3
}
